// !$*UTF8*$!
{
	archiveVersion = 1;
	classes = {
	};
	objectVersion = 46;
	objects = {

/* Begin PBXBuildFile section */
		8A2BEF8B1C4FFAB400F75D72 /* index.html in Resources */ = {isa = PBXBuildFile; fileRef = 8A2BEF8A1C4FFAB400F75D72 /* index.html */; };
		8A2BEF8C1C4FFAB400F75D72 /* index.html in Resources */ = {isa = PBXBuildFile; fileRef = 8A2BEF8A1C4FFAB400F75D72 /* index.html */; };
		8A2BEF901C4FFAC800F75D72 /* jockey.js in Resources */ = {isa = PBXBuildFile; fileRef = 8A2BEF8E1C4FFAC800F75D72 /* jockey.js */; };
		8A2BEF911C4FFAC800F75D72 /* jockey.js in Resources */ = {isa = PBXBuildFile; fileRef = 8A2BEF8E1C4FFAC800F75D72 /* jockey.js */; };
		8A2BEF921C4FFAC800F75D72 /* jquery-1.9.1.js in Resources */ = {isa = PBXBuildFile; fileRef = 8A2BEF8F1C4FFAC800F75D72 /* jquery-1.9.1.js */; };
		8A2BEF931C4FFAC800F75D72 /* jquery-1.9.1.js in Resources */ = {isa = PBXBuildFile; fileRef = 8A2BEF8F1C4FFAC800F75D72 /* jquery-1.9.1.js */; };
		8A4A48621C4953AE002EC041 /* AppDelegate.swift in Sources */ = {isa = PBXBuildFile; fileRef = 8A4A48611C4953AE002EC041 /* AppDelegate.swift */; };
		8A4A48641C4953AE002EC041 /* ViewController.swift in Sources */ = {isa = PBXBuildFile; fileRef = 8A4A48631C4953AE002EC041 /* ViewController.swift */; };
		8A4A48671C4953AE002EC041 /* Main.storyboard in Resources */ = {isa = PBXBuildFile; fileRef = 8A4A48651C4953AE002EC041 /* Main.storyboard */; };
		8A4A48691C4953AE002EC041 /* Assets.xcassets in Resources */ = {isa = PBXBuildFile; fileRef = 8A4A48681C4953AE002EC041 /* Assets.xcassets */; };
		8A4A486C1C4953AE002EC041 /* LaunchScreen.storyboard in Resources */ = {isa = PBXBuildFile; fileRef = 8A4A486A1C4953AE002EC041 /* LaunchScreen.storyboard */; };
		8A4A48771C4953AE002EC041 /* JockeyJS_SwiftTests.swift in Sources */ = {isa = PBXBuildFile; fileRef = 8A4A48761C4953AE002EC041 /* JockeyJS_SwiftTests.swift */; };
		8A4A48831C495542002EC041 /* Jockey.swift in Sources */ = {isa = PBXBuildFile; fileRef = 8A4A48821C495542002EC041 /* Jockey.swift */; };
		8A4A48841C495542002EC041 /* Jockey.swift in Sources */ = {isa = PBXBuildFile; fileRef = 8A4A48821C495542002EC041 /* Jockey.swift */; };
/* End PBXBuildFile section */

/* Begin PBXContainerItemProxy section */
		8A4A48731C4953AE002EC041 /* PBXContainerItemProxy */ = {
			isa = PBXContainerItemProxy;
			containerPortal = 8A4A48561C4953AE002EC041 /* Project object */;
			proxyType = 1;
			remoteGlobalIDString = 8A4A485D1C4953AE002EC041;
			remoteInfo = "JockeyJS-Swift";
		};
/* End PBXContainerItemProxy section */

/* Begin PBXFileReference section */
		8A2BEF8A1C4FFAB400F75D72 /* index.html */ = {isa = PBXFileReference; fileEncoding = 4; lastKnownFileType = text.html; path = index.html; sourceTree = "<group>"; };
		8A2BEF8E1C4FFAC800F75D72 /* jockey.js */ = {isa = PBXFileReference; fileEncoding = 4; lastKnownFileType = sourcecode.javascript; path = jockey.js; sourceTree = "<group>"; };
		8A2BEF8F1C4FFAC800F75D72 /* jquery-1.9.1.js */ = {isa = PBXFileReference; fileEncoding = 4; lastKnownFileType = sourcecode.javascript; path = "jquery-1.9.1.js"; sourceTree = "<group>"; };
		8A4A485E1C4953AE002EC041 /* JockeyJS-Swift.app */ = {isa = PBXFileReference; explicitFileType = wrapper.application; includeInIndex = 0; path = "JockeyJS-Swift.app"; sourceTree = BUILT_PRODUCTS_DIR; };
		8A4A48611C4953AE002EC041 /* AppDelegate.swift */ = {isa = PBXFileReference; lastKnownFileType = sourcecode.swift; path = AppDelegate.swift; sourceTree = "<group>"; };
		8A4A48631C4953AE002EC041 /* ViewController.swift */ = {isa = PBXFileReference; lastKnownFileType = sourcecode.swift; path = ViewController.swift; sourceTree = "<group>"; };
		8A4A48661C4953AE002EC041 /* Base */ = {isa = PBXFileReference; lastKnownFileType = file.storyboard; name = Base; path = Base.lproj/Main.storyboard; sourceTree = "<group>"; };
		8A4A48681C4953AE002EC041 /* Assets.xcassets */ = {isa = PBXFileReference; lastKnownFileType = folder.assetcatalog; path = Assets.xcassets; sourceTree = "<group>"; };
		8A4A486B1C4953AE002EC041 /* Base */ = {isa = PBXFileReference; lastKnownFileType = file.storyboard; name = Base; path = Base.lproj/LaunchScreen.storyboard; sourceTree = "<group>"; };
		8A4A486D1C4953AE002EC041 /* Info.plist */ = {isa = PBXFileReference; lastKnownFileType = text.plist.xml; path = Info.plist; sourceTree = "<group>"; };
		8A4A48721C4953AE002EC041 /* JockeyJS-SwiftTests.xctest */ = {isa = PBXFileReference; explicitFileType = wrapper.cfbundle; includeInIndex = 0; path = "JockeyJS-SwiftTests.xctest"; sourceTree = BUILT_PRODUCTS_DIR; };
		8A4A48761C4953AE002EC041 /* JockeyJS_SwiftTests.swift */ = {isa = PBXFileReference; lastKnownFileType = sourcecode.swift; path = JockeyJS_SwiftTests.swift; sourceTree = "<group>"; };
		8A4A48781C4953AE002EC041 /* Info.plist */ = {isa = PBXFileReference; lastKnownFileType = text.plist.xml; path = Info.plist; sourceTree = "<group>"; };
		8A4A48821C495542002EC041 /* Jockey.swift */ = {isa = PBXFileReference; fileEncoding = 4; lastKnownFileType = sourcecode.swift; path = Jockey.swift; sourceTree = "<group>"; };
/* End PBXFileReference section */

/* Begin PBXFrameworksBuildPhase section */
		8A4A485B1C4953AE002EC041 /* Frameworks */ = {
			isa = PBXFrameworksBuildPhase;
			buildActionMask = 2147483647;
			files = (
			);
			runOnlyForDeploymentPostprocessing = 0;
		};
		8A4A486F1C4953AE002EC041 /* Frameworks */ = {
			isa = PBXFrameworksBuildPhase;
			buildActionMask = 2147483647;
			files = (
			);
			runOnlyForDeploymentPostprocessing = 0;
		};
/* End PBXFrameworksBuildPhase section */

/* Begin PBXGroup section */
		8A2BEF891C4FFAA700F75D72 /* Supporting Files */ = {
			isa = PBXGroup;
			children = (
				8A2BEF8A1C4FFAB400F75D72 /* index.html */,
				8A2BEF8D1C4FFAC800F75D72 /* js */,
			);
			path = "Supporting Files";
			sourceTree = "<group>";
		};
		8A2BEF8D1C4FFAC800F75D72 /* js */ = {
			isa = PBXGroup;
			children = (
				8A2BEF8E1C4FFAC800F75D72 /* jockey.js */,
				8A2BEF8F1C4FFAC800F75D72 /* jquery-1.9.1.js */,
			);
			path = js;
			sourceTree = "<group>";
		};
		8A4A48551C4953AE002EC041 = {
			isa = PBXGroup;
			children = (
				8A4A48601C4953AE002EC041 /* JockeyJS-Swift */,
				8A4A48751C4953AE002EC041 /* JockeyJS-SwiftTests */,
				8A4A485F1C4953AE002EC041 /* Products */,
			);
			sourceTree = "<group>";
		};
		8A4A485F1C4953AE002EC041 /* Products */ = {
			isa = PBXGroup;
			children = (
				8A4A485E1C4953AE002EC041 /* JockeyJS-Swift.app */,
				8A4A48721C4953AE002EC041 /* JockeyJS-SwiftTests.xctest */,
			);
			name = Products;
			sourceTree = "<group>";
		};
		8A4A48601C4953AE002EC041 /* JockeyJS-Swift */ = {
			isa = PBXGroup;
			children = (
				8A2BEF891C4FFAA700F75D72 /* Supporting Files */,
				8A4A48811C49551A002EC041 /* includes */,
				8A4A48611C4953AE002EC041 /* AppDelegate.swift */,
				8A4A48631C4953AE002EC041 /* ViewController.swift */,
				8A4A48651C4953AE002EC041 /* Main.storyboard */,
				8A4A48681C4953AE002EC041 /* Assets.xcassets */,
				8A4A486A1C4953AE002EC041 /* LaunchScreen.storyboard */,
				8A4A486D1C4953AE002EC041 /* Info.plist */,
			);
			path = "JockeyJS-Swift";
			sourceTree = "<group>";
		};
		8A4A48751C4953AE002EC041 /* JockeyJS-SwiftTests */ = {
			isa = PBXGroup;
			children = (
				8A4A48761C4953AE002EC041 /* JockeyJS_SwiftTests.swift */,
				8A4A48781C4953AE002EC041 /* Info.plist */,
			);
			path = "JockeyJS-SwiftTests";
			sourceTree = "<group>";
		};
		8A4A48811C49551A002EC041 /* includes */ = {
			isa = PBXGroup;
			children = (
				8A4A48821C495542002EC041 /* Jockey.swift */,
			);
			path = includes;
			sourceTree = "<group>";
		};
/* End PBXGroup section */

/* Begin PBXNativeTarget section */
		8A4A485D1C4953AE002EC041 /* JockeyJS-Swift */ = {
			isa = PBXNativeTarget;
			buildConfigurationList = 8A4A487B1C4953AE002EC041 /* Build configuration list for PBXNativeTarget "JockeyJS-Swift" */;
			buildPhases = (
				8A4A485A1C4953AE002EC041 /* Sources */,
				8A4A485B1C4953AE002EC041 /* Frameworks */,
				8A4A485C1C4953AE002EC041 /* Resources */,
			);
			buildRules = (
			);
			dependencies = (
			);
			name = "JockeyJS-Swift";
			productName = "JockeyJS-Swift";
			productReference = 8A4A485E1C4953AE002EC041 /* JockeyJS-Swift.app */;
			productType = "com.apple.product-type.application";
		};
		8A4A48711C4953AE002EC041 /* JockeyJS-SwiftTests */ = {
			isa = PBXNativeTarget;
			buildConfigurationList = 8A4A487E1C4953AE002EC041 /* Build configuration list for PBXNativeTarget "JockeyJS-SwiftTests" */;
			buildPhases = (
				8A4A486E1C4953AE002EC041 /* Sources */,
				8A4A486F1C4953AE002EC041 /* Frameworks */,
				8A4A48701C4953AE002EC041 /* Resources */,
			);
			buildRules = (
			);
			dependencies = (
				8A4A48741C4953AE002EC041 /* PBXTargetDependency */,
			);
			name = "JockeyJS-SwiftTests";
			productName = "JockeyJS-SwiftTests";
			productReference = 8A4A48721C4953AE002EC041 /* JockeyJS-SwiftTests.xctest */;
			productType = "com.apple.product-type.bundle.unit-test";
		};
/* End PBXNativeTarget section */

/* Begin PBXProject section */
		8A4A48561C4953AE002EC041 /* Project object */ = {
			isa = PBXProject;
			attributes = {
				LastSwiftUpdateCheck = 0720;
				LastUpgradeCheck = 0720;
				ORGANIZATIONNAME = Mrlu;
				TargetAttributes = {
					8A4A485D1C4953AE002EC041 = {
						CreatedOnToolsVersion = 7.2;
					};
					8A4A48711C4953AE002EC041 = {
						CreatedOnToolsVersion = 7.2;
						TestTargetID = 8A4A485D1C4953AE002EC041;
					};
				};
			};
			buildConfigurationList = 8A4A48591C4953AE002EC041 /* Build configuration list for PBXProject "JockeyJS-Swift" */;
			compatibilityVersion = "Xcode 3.2";
			developmentRegion = English;
			hasScannedForEncodings = 0;
			knownRegions = (
				en,
				Base,
			);
			mainGroup = 8A4A48551C4953AE002EC041;
			productRefGroup = 8A4A485F1C4953AE002EC041 /* Products */;
			projectDirPath = "";
			projectRoot = "";
			targets = (
				8A4A485D1C4953AE002EC041 /* JockeyJS-Swift */,
				8A4A48711C4953AE002EC041 /* JockeyJS-SwiftTests */,
			);
		};
/* End PBXProject section */

/* Begin PBXResourcesBuildPhase section */
		8A4A485C1C4953AE002EC041 /* Resources */ = {
			isa = PBXResourcesBuildPhase;
			buildActionMask = 2147483647;
			files = (
				8A4A486C1C4953AE002EC041 /* LaunchScreen.storyboard in Resources */,
				8A2BEF901C4FFAC800F75D72 /* jockey.js in Resources */,
				8A2BEF921C4FFAC800F75D72 /* jquery-1.9.1.js in Resources */,
				8A2BEF8B1C4FFAB400F75D72 /* index.html in Resources */,
				8A4A48691C4953AE002EC041 /* Assets.xcassets in Resources */,
				8A4A48671C4953AE002EC041 /* Main.storyboard in Resources */,
			);
			runOnlyForDeploymentPostprocessing = 0;
		};
		8A4A48701C4953AE002EC041 /* Resources */ = {
			isa = PBXResourcesBuildPhase;
			buildActionMask = 2147483647;
			files = (
				8A2BEF8C1C4FFAB400F75D72 /* index.html in Resources */,
				8A2BEF911C4FFAC800F75D72 /* jockey.js in Resources */,
				8A2BEF931C4FFAC800F75D72 /* jquery-1.9.1.js in Resources */,
			);
			runOnlyForDeploymentPostprocessing = 0;
		};
/* End PBXResourcesBuildPhase section */

/* Begin PBXSourcesBuildPhase section */
		8A4A485A1C4953AE002EC041 /* Sources */ = {
			isa = PBXSourcesBuildPhase;
			buildActionMask = 2147483647;
			files = (
				8A4A48641C4953AE002EC041 /* ViewController.swift in Sources */,
				8A4A48621C4953AE002EC041 /* AppDelegate.swift in Sources */,
				8A4A48831C495542002EC041 /* Jockey.swift in Sources */,
			);
			runOnlyForDeploymentPostprocessing = 0;
		};
		8A4A486E1C4953AE002EC041 /* Sources */ = {
			isa = PBXSourcesBuildPhase;
			buildActionMask = 2147483647;
			files = (
				8A4A48841C495542002EC041 /* Jockey.swift in Sources */,
				8A4A48771C4953AE002EC041 /* JockeyJS_SwiftTests.swift in Sources */,
			);
			runOnlyForDeploymentPostprocessing = 0;
		};
/* End PBXSourcesBuildPhase section */

/* Begin PBXTargetDependency section */
		8A4A48741C4953AE002EC041 /* PBXTargetDependency */ = {
			isa = PBXTargetDependency;
			target = 8A4A485D1C4953AE002EC041 /* JockeyJS-Swift */;
			targetProxy = 8A4A48731C4953AE002EC041 /* PBXContainerItemProxy */;
		};
/* End PBXTargetDependency section */

/* Begin PBXVariantGroup section */
		8A4A48651C4953AE002EC041 /* Main.storyboard */ = {
			isa = PBXVariantGroup;
			children = (
				8A4A48661C4953AE002EC041 /* Base */,
			);
			name = Main.storyboard;
			sourceTree = "<group>";
		};
		8A4A486A1C4953AE002EC041 /* LaunchScreen.storyboard */ = {
			isa = PBXVariantGroup;
			children = (
				8A4A486B1C4953AE002EC041 /* Base */,
			);
			name = LaunchScreen.storyboard;
			sourceTree = "<group>";
		};
/* End PBXVariantGroup section */

/* Begin XCBuildConfiguration section */
		8A4A48791C4953AE002EC041 /* Debug */ = {
			isa = XCBuildConfiguration;
			buildSettings = {
				ALWAYS_SEARCH_USER_PATHS = NO;
				CLANG_CXX_LANGUAGE_STANDARD = "gnu++0x";
				CLANG_CXX_LIBRARY = "libc++";
				CLANG_ENABLE_MODULES = YES;
				CLANG_ENABLE_OBJC_ARC = YES;
				CLANG_WARN_BOOL_CONVERSION = YES;
				CLANG_WARN_CONSTANT_CONVERSION = YES;
				CLANG_WARN_DIRECT_OBJC_ISA_USAGE = YES_ERROR;
				CLANG_WARN_EMPTY_BODY = YES;
				CLANG_WARN_ENUM_CONVERSION = YES;
				CLANG_WARN_INT_CONVERSION = YES;
				CLANG_WARN_OBJC_ROOT_CLASS = YES_ERROR;
				CLANG_WARN_UNREACHABLE_CODE = YES;
				CLANG_WARN__DUPLICATE_METHOD_MATCH = YES;
				"CODE_SIGN_IDENTITY[sdk=iphoneos*]" = "iPhone Developer";
				COPY_PHASE_STRIP = NO;
				DEBUG_INFORMATION_FORMAT = dwarf;
				ENABLE_STRICT_OBJC_MSGSEND = YES;
				ENABLE_TESTABILITY = YES;
				GCC_C_LANGUAGE_STANDARD = gnu99;
				GCC_DYNAMIC_NO_PIC = NO;
				GCC_NO_COMMON_BLOCKS = YES;
				GCC_OPTIMIZATION_LEVEL = 0;
				GCC_PREPROCESSOR_DEFINITIONS = (
					"DEBUG=1",
					"$(inherited)",
				);
				GCC_WARN_64_TO_32_BIT_CONVERSION = YES;
				GCC_WARN_ABOUT_RETURN_TYPE = YES_ERROR;
				GCC_WARN_UNDECLARED_SELECTOR = YES;
				GCC_WARN_UNINITIALIZED_AUTOS = YES_AGGRESSIVE;
				GCC_WARN_UNUSED_FUNCTION = YES;
				GCC_WARN_UNUSED_VARIABLE = YES;
				IPHONEOS_DEPLOYMENT_TARGET = 9.2;
				MTL_ENABLE_DEBUG_INFO = YES;
				ONLY_ACTIVE_ARCH = YES;
				SDKROOT = iphoneos;
				SWIFT_OPTIMIZATION_LEVEL = "-Onone";
			};
			name = Debug;
		};
		8A4A487A1C4953AE002EC041 /* Release */ = {
			isa = XCBuildConfiguration;
			buildSettings = {
				ALWAYS_SEARCH_USER_PATHS = NO;
				CLANG_CXX_LANGUAGE_STANDARD = "gnu++0x";
				CLANG_CXX_LIBRARY = "libc++";
				CLANG_ENABLE_MODULES = YES;
				CLANG_ENABLE_OBJC_ARC = YES;
				CLANG_WARN_BOOL_CONVERSION = YES;
				CLANG_WARN_CONSTANT_CONVERSION = YES;
				CLANG_WARN_DIRECT_OBJC_ISA_USAGE = YES_ERROR;
				CLANG_WARN_EMPTY_BODY = YES;
				CLANG_WARN_ENUM_CONVERSION = YES;
				CLANG_WARN_INT_CONVERSION = YES;
				CLANG_WARN_OBJC_ROOT_CLASS = YES_ERROR;
				CLANG_WARN_UNREACHABLE_CODE = YES;
				CLANG_WARN__DUPLICATE_METHOD_MATCH = YES;
				"CODE_SIGN_IDENTITY[sdk=iphoneos*]" = "iPhone Developer";
				COPY_PHASE_STRIP = NO;
				DEBUG_INFORMATION_FORMAT = "dwarf-with-dsym";
				ENABLE_NS_ASSERTIONS = NO;
				ENABLE_STRICT_OBJC_MSGSEND = YES;
				GCC_C_LANGUAGE_STANDARD = gnu99;
				GCC_NO_COMMON_BLOCKS = YES;
				GCC_WARN_64_TO_32_BIT_CONVERSION = YES;
				GCC_WARN_ABOUT_RETURN_TYPE = YES_ERROR;
				GCC_WARN_UNDECLARED_SELECTOR = YES;
				GCC_WARN_UNINITIALIZED_AUTOS = YES_AGGRESSIVE;
				GCC_WARN_UNUSED_FUNCTION = YES;
				GCC_WARN_UNUSED_VARIABLE = YES;
				IPHONEOS_DEPLOYMENT_TARGET = 9.2;
				MTL_ENABLE_DEBUG_INFO = NO;
				SDKROOT = iphoneos;
				VALIDATE_PRODUCT = YES;
			};
			name = Release;
		};
		8A4A487C1C4953AE002EC041 /* Debug */ = {
			isa = XCBuildConfiguration;
			buildSettings = {
				ASSETCATALOG_COMPILER_APPICON_NAME = AppIcon;
				INFOPLIST_FILE = "JockeyJS-Swift/Info.plist";
				LD_RUNPATH_SEARCH_PATHS = "$(inherited) @executable_path/Frameworks";
				PRODUCT_BUNDLE_IDENTIFIER = "Mrlu.JockeyJS-Swift";
				PRODUCT_NAME = "$(TARGET_NAME)";
			};
			name = Debug;
		};
		8A4A487D1C4953AE002EC041 /* Release */ = {
			isa = XCBuildConfiguration;
			buildSettings = {
				ASSETCATALOG_COMPILER_APPICON_NAME = AppIcon;
				INFOPLIST_FILE = "JockeyJS-Swift/Info.plist";
				LD_RUNPATH_SEARCH_PATHS = "$(inherited) @executable_path/Frameworks";
				PRODUCT_BUNDLE_IDENTIFIER = "Mrlu.JockeyJS-Swift";
				PRODUCT_NAME = "$(TARGET_NAME)";
			};
			name = Release;
		};
		8A4A487F1C4953AE002EC041 /* Debug */ = {
			isa = XCBuildConfiguration;
			buildSettings = {
				BUNDLE_LOADER = "$(TEST_HOST)";
				INFOPLIST_FILE = "JockeyJS-SwiftTests/Info.plist";
				LD_RUNPATH_SEARCH_PATHS = "$(inherited) @executable_path/Frameworks @loader_path/Frameworks";
				PRODUCT_BUNDLE_IDENTIFIER = "Mrlu.JockeyJS-SwiftTests";
				PRODUCT_NAME = "$(TARGET_NAME)";
				TEST_HOST = "$(BUILT_PRODUCTS_DIR)/JockeyJS-Swift.app/JockeyJS-Swift";
			};
			name = Debug;
		};
		8A4A48801C4953AE002EC041 /* Release */ = {
			isa = XCBuildConfiguration;
			buildSettings = {
				BUNDLE_LOADER = "$(TEST_HOST)";
				INFOPLIST_FILE = "JockeyJS-SwiftTests/Info.plist";
				LD_RUNPATH_SEARCH_PATHS = "$(inherited) @executable_path/Frameworks @loader_path/Frameworks";
				PRODUCT_BUNDLE_IDENTIFIER = "Mrlu.JockeyJS-SwiftTests";
				PRODUCT_NAME = "$(TARGET_NAME)";
				TEST_HOST = "$(BUILT_PRODUCTS_DIR)/JockeyJS-Swift.app/JockeyJS-Swift";
			};
			name = Release;
		};
/* End XCBuildConfiguration section */

/* Begin XCConfigurationList section */
		8A4A48591C4953AE002EC041 /* Build configuration list for PBXProject "JockeyJS-Swift" */ = {
			isa = XCConfigurationList;
			buildConfigurations = (
				8A4A48791C4953AE002EC041 /* Debug */,
				8A4A487A1C4953AE002EC041 /* Release */,
			);
			defaultConfigurationIsVisible = 0;
			defaultConfigurationName = Release;
		};
		8A4A487B1C4953AE002EC041 /* Build configuration list for PBXNativeTarget "JockeyJS-Swift" */ = {
			isa = XCConfigurationList;
			buildConfigurations = (
				8A4A487C1C4953AE002EC041 /* Debug */,
				8A4A487D1C4953AE002EC041 /* Release */,
			);
			defaultConfigurationIsVisible = 0;
			defaultConfigurationName = Release;
		};
		8A4A487E1C4953AE002EC041 /* Build configuration list for PBXNativeTarget "JockeyJS-SwiftTests" */ = {
			isa = XCConfigurationList;
			buildConfigurations = (
				8A4A487F1C4953AE002EC041 /* Debug */,
				8A4A48801C4953AE002EC041 /* Release */,
			);
			defaultConfigurationIsVisible = 0;
			defaultConfigurationName = Release;
		};
/* End XCConfigurationList section */
	};
	rootObject = 8A4A48561C4953AE002EC041 /* Project object */;
}
